
Microsoft Visual Studio Solution File, Format Version 12.00
# Visual Studio Version 16
VisualStudioVersion = 16.0.31410.357
MinimumVisualStudioVersion = 10.0.40219.1
Project("{FAE04EC0-301F-11D3-BF4B-00C04F79EFBC}") = "Ejercicio10.Android", "Ejercicio10\Ejercicio10.Android\Ejercicio10.Android.csproj", "{C8A4E3F1-59F5-4BD4-B2B7-9AAB06BFF3DA}"
EndProject
Project("{FAE04EC0-301F-11D3-BF4B-00C04F79EFBC}") = "Ejercicio10.iOS", "Ejercicio10\Ejercicio10.iOS\Ejercicio10.iOS.csproj", "{34EB446C-0822-47C4-9808-88AB78B475C6}"
EndProject
Project("{FAE04EC0-301F-11D3-BF4B-00C04F79EFBC}") = "Ejercicio10", "Ejercicio10\Ejercicio10\Ejercicio10.csproj", "{91BF3FFE-32A8-4A03-B39D-990A7235BBA9}"
EndProject
Global
	GlobalSection(SolutionConfigurationPlatforms) = preSolution
		Debug|Any CPU = Debug|Any CPU
		Debug|iPhone = Debug|iPhone
		Debug|iPhoneSimulator = Debug|iPhoneSimulator
		Release|Any CPU = Release|Any CPU
		Release|iPhone = Release|iPhone
		Release|iPhoneSimulator = Release|iPhoneSimulator
	EndGlobalSection
	GlobalSection(ProjectConfigurationPlatforms) = postSolution
		{C8A4E3F1-59F5-4BD4-B2B7-9AAB06BFF3DA}.Debug|Any CPU.ActiveCfg = Debug|Any CPU
		{C8A4E3F1-59F5-4BD4-B2B7-9AAB06BFF3DA}.Debug|Any CPU.Build.0 = Debug|Any CPU
		{C8A4E3F1-59F5-4BD4-B2B7-9AAB06BFF3DA}.Debug|Any CPU.Deploy.0 = Debug|Any CPU
		{C8A4E3F1-59F5-4BD4-B2B7-9AAB06BFF3DA}.Debug|iPhone.ActiveCfg = Debug|Any CPU
		{C8A4E3F1-59F5-4BD4-B2B7-9AAB06BFF3DA}.Debug|iPhone.Build.0 = Debug|Any CPU
		{C8A4E3F1-59F5-4BD4-B2B7-9AAB06BFF3DA}.Debug|iPhone.Deploy.0 = Debug|Any CPU
		{C8A4E3F1-59F5-4BD4-B2B7-9AAB06BFF3DA}.Debug|iPhoneSimulator.ActiveCfg = Debug|Any CPU
		{C8A4E3F1-59F5-4BD4-B2B7-9AAB06BFF3DA}.Debug|iPhoneSimulator.Build.0 = Debug|Any CPU
		{C8A4E3F1-59F5-4BD4-B2B7-9AAB06BFF3DA}.Debug|iPhoneSimulator.Deploy.0 = Debug|Any CPU
		{C8A4E3F1-59F5-4BD4-B2B7-9AAB06BFF3DA}.Release|Any CPU.ActiveCfg = Release|Any CPU
		{C8A4E3F1-59F5-4BD4-B2B7-9AAB06BFF3DA}.Release|Any CPU.Build.0 = Release|Any CPU
		{C8A4E3F1-59F5-4BD4-B2B7-9AAB06BFF3DA}.Release|Any CPU.Deploy.0 = Release|Any CPU
		{C8A4E3F1-59F5-4BD4-B2B7-9AAB06BFF3DA}.Release|iPhone.ActiveCfg = Release|Any CPU
		{C8A4E3F1-59F5-4BD4-B2B7-9AAB06BFF3DA}.Release|iPhone.Build.0 = Release|Any CPU
		{C8A4E3F1-59F5-4BD4-B2B7-9AAB06BFF3DA}.Release|iPhone.Deploy.0 = Release|Any CPU
		{C8A4E3F1-59F5-4BD4-B2B7-9AAB06BFF3DA}.Release|iPhoneSimulator.ActiveCfg = Release|Any CPU
		{C8A4E3F1-59F5-4BD4-B2B7-9AAB06BFF3DA}.Release|iPhoneSimulator.Build.0 = Release|Any CPU
		{C8A4E3F1-59F5-4BD4-B2B7-9AAB06BFF3DA}.Release|iPhoneSimulator.Deploy.0 = Release|Any CPU
		{34EB446C-0822-47C4-9808-88AB78B475C6}.Debug|Any CPU.ActiveCfg = Debug|iPhone
		{34EB446C-0822-47C4-9808-88AB78B475C6}.Debug|Any CPU.Build.0 = Debug|iPhone
		{34EB446C-0822-47C4-9808-88AB78B475C6}.Debug|Any CPU.Deploy.0 = Debug|iPhone
		{34EB446C-0822-47C4-9808-88AB78B475C6}.Debug|iPhone.ActiveCfg = Debug|iPhone
		{34EB446C-0822-47C4-9808-88AB78B475C6}.Debug|iPhone.Build.0 = Debug|iPhone
		{34EB446C-0822-47C4-9808-88AB78B475C6}.Debug|iPhone.Deploy.0 = Debug|iPhone
		{34EB446C-0822-47C4-9808-88AB78B475C6}.Debug|iPhoneSimulator.ActiveCfg = Debug|iPhoneSimulator
		{34EB446C-0822-47C4-9808-88AB78B475C6}.Debug|iPhoneSimulator.Build.0 = Debug|iPhoneSimulator
		{34EB446C-0822-47C4-9808-88AB78B475C6}.Debug|iPhoneSimulator.Deploy.0 = Debug|iPhoneSimulator
		{34EB446C-0822-47C4-9808-88AB78B475C6}.Release|Any CPU.ActiveCfg = Release|iPhoneSimulator
		{34EB446C-0822-47C4-9808-88AB78B475C6}.Release|Any CPU.Build.0 = Release|iPhoneSimulator
		{34EB446C-0822-47C4-9808-88AB78B475C6}.Release|Any CPU.Deploy.0 = Release|iPhoneSimulator
		{34EB446C-0822-47C4-9808-88AB78B475C6}.Release|iPhone.ActiveCfg = Release|iPhone
		{34EB446C-0822-47C4-9808-88AB78B475C6}.Release|iPhone.Build.0 = Release|iPhone
		{34EB446C-0822-47C4-9808-88AB78B475C6}.Release|iPhone.Deploy.0 = Release|iPhone
		{34EB446C-0822-47C4-9808-88AB78B475C6}.Release|iPhoneSimulator.ActiveCfg = Release|iPhoneSimulator
		{34EB446C-0822-47C4-9808-88AB78B475C6}.Release|iPhoneSimulator.Build.0 = Release|iPhoneSimulator
		{34EB446C-0822-47C4-9808-88AB78B475C6}.Release|iPhoneSimulator.Deploy.0 = Release|iPhoneSimulator
		{91BF3FFE-32A8-4A03-B39D-990A7235BBA9}.Debug|Any CPU.ActiveCfg = Debug|Any CPU
		{91BF3FFE-32A8-4A03-B39D-990A7235BBA9}.Debug|Any CPU.Build.0 = Debug|Any CPU
		{91BF3FFE-32A8-4A03-B39D-990A7235BBA9}.Debug|Any CPU.Deploy.0 = Debug|Any CPU
		{91BF3FFE-32A8-4A03-B39D-990A7235BBA9}.Debug|iPhone.ActiveCfg = Debug|Any CPU
		{91BF3FFE-32A8-4A03-B39D-990A7235BBA9}.Debug|iPhone.Build.0 = Debug|Any CPU
		{91BF3FFE-32A8-4A03-B39D-990A7235BBA9}.Debug|iPhone.Deploy.0 = Debug|Any CPU
		{91BF3FFE-32A8-4A03-B39D-990A7235BBA9}.Debug|iPhoneSimulator.ActiveCfg = Debug|Any CPU
		{91BF3FFE-32A8-4A03-B39D-990A7235BBA9}.Debug|iPhoneSimulator.Build.0 = Debug|Any CPU
		{91BF3FFE-32A8-4A03-B39D-990A7235BBA9}.Debug|iPhoneSimulator.Deploy.0 = Debug|Any CPU
		{91BF3FFE-32A8-4A03-B39D-990A7235BBA9}.Release|Any CPU.ActiveCfg = Release|Any CPU
		{91BF3FFE-32A8-4A03-B39D-990A7235BBA9}.Release|Any CPU.Build.0 = Release|Any CPU
		{91BF3FFE-32A8-4A03-B39D-990A7235BBA9}.Release|Any CPU.Deploy.0 = Release|Any CPU
		{91BF3FFE-32A8-4A03-B39D-990A7235BBA9}.Release|iPhone.ActiveCfg = Release|Any CPU
		{91BF3FFE-32A8-4A03-B39D-990A7235BBA9}.Release|iPhone.Build.0 = Release|Any CPU
		{91BF3FFE-32A8-4A03-B39D-990A7235BBA9}.Release|iPhone.Deploy.0 = Release|Any CPU
		{91BF3FFE-32A8-4A03-B39D-990A7235BBA9}.Release|iPhoneSimulator.ActiveCfg = Release|Any CPU
		{91BF3FFE-32A8-4A03-B39D-990A7235BBA9}.Release|iPhoneSimulator.Build.0 = Release|Any CPU
		{91BF3FFE-32A8-4A03-B39D-990A7235BBA9}.Release|iPhoneSimulator.Deploy.0 = Release|Any CPU
	EndGlobalSection
	GlobalSection(SolutionProperties) = preSolution
		HideSolutionNode = FALSE
	EndGlobalSection
	GlobalSection(ExtensibilityGlobals) = postSolution
		SolutionGuid = {E0978954-81C2-41A2-908D-DF6FCC948454}
	EndGlobalSection
EndGlobal
